// !$*UTF8*$!
{
	archiveVersion = 1;
	classes = {
	};
	objectVersion = 50;
	objects = {

/* Begin PBXBuildFile section */
		38F2B36125F2D454002CC8BB /* AppDelegate.swift in Sources */ = {isa = PBXBuildFile; fileRef = 38F2B36025F2D454002CC8BB /* AppDelegate.swift */; };
		38F2B36325F2D454002CC8BB /* SceneDelegate.swift in Sources */ = {isa = PBXBuildFile; fileRef = 38F2B36225F2D454002CC8BB /* SceneDelegate.swift */; };
		38F2B36525F2D454002CC8BB /* ViewController.swift in Sources */ = {isa = PBXBuildFile; fileRef = 38F2B36425F2D454002CC8BB /* ViewController.swift */; };
		38F2B36A25F2D455002CC8BB /* Assets.xcassets in Resources */ = {isa = PBXBuildFile; fileRef = 38F2B36925F2D455002CC8BB /* Assets.xcassets */; };
		38F2B36D25F2D455002CC8BB /* LaunchScreen.storyboard in Resources */ = {isa = PBXBuildFile; fileRef = 38F2B36B25F2D455002CC8BB /* LaunchScreen.storyboard */; };
		EBB0A34F72E124FE4538D3E5 /* Pods_AzureAppCenter.framework in Frameworks */ = {isa = PBXBuildFile; fileRef = B4CE9F3302E0A75B8F892B4E /* Pods_AzureAppCenter.framework */; };
/* End PBXBuildFile section */

/* Begin PBXFileReference section */
		07926B7B4EE5DDAB20409324 /* Pods-AzureAppCenter.debug.xcconfig */ = {isa = PBXFileReference; includeInIndex = 1; lastKnownFileType = text.xcconfig; name = "Pods-AzureAppCenter.debug.xcconfig"; path = "Target Support Files/Pods-AzureAppCenter/Pods-AzureAppCenter.debug.xcconfig"; sourceTree = "<group>"; };
		38F2B35D25F2D454002CC8BB /* AzureAppCenter.app */ = {isa = PBXFileReference; explicitFileType = wrapper.application; includeInIndex = 0; path = AzureAppCenter.app; sourceTree = BUILT_PRODUCTS_DIR; };
		38F2B36025F2D454002CC8BB /* AppDelegate.swift */ = {isa = PBXFileReference; lastKnownFileType = sourcecode.swift; path = AppDelegate.swift; sourceTree = "<group>"; };
		38F2B36225F2D454002CC8BB /* SceneDelegate.swift */ = {isa = PBXFileReference; lastKnownFileType = sourcecode.swift; path = SceneDelegate.swift; sourceTree = "<group>"; };
		38F2B36425F2D454002CC8BB /* ViewController.swift */ = {isa = PBXFileReference; lastKnownFileType = sourcecode.swift; path = ViewController.swift; sourceTree = "<group>"; };
		38F2B36925F2D455002CC8BB /* Assets.xcassets */ = {isa = PBXFileReference; lastKnownFileType = folder.assetcatalog; path = Assets.xcassets; sourceTree = "<group>"; };
		38F2B36C25F2D455002CC8BB /* Base */ = {isa = PBXFileReference; lastKnownFileType = file.storyboard; name = Base; path = Base.lproj/LaunchScreen.storyboard; sourceTree = "<group>"; };
		38F2B36E25F2D455002CC8BB /* Info.plist */ = {isa = PBXFileReference; lastKnownFileType = text.plist.xml; path = Info.plist; sourceTree = "<group>"; };
		B4CE9F3302E0A75B8F892B4E /* Pods_AzureAppCenter.framework */ = {isa = PBXFileReference; explicitFileType = wrapper.framework; includeInIndex = 0; path = Pods_AzureAppCenter.framework; sourceTree = BUILT_PRODUCTS_DIR; };
		BDED2ECD069B0E1704C2BA40 /* Pods-AzureAppCenter.release.xcconfig */ = {isa = PBXFileReference; includeInIndex = 1; lastKnownFileType = text.xcconfig; name = "Pods-AzureAppCenter.release.xcconfig"; path = "Target Support Files/Pods-AzureAppCenter/Pods-AzureAppCenter.release.xcconfig"; sourceTree = "<group>"; };
/* End PBXFileReference section */

/* Begin PBXFrameworksBuildPhase section */
		38F2B35A25F2D454002CC8BB /* Frameworks */ = {
			isa = PBXFrameworksBuildPhase;
			buildActionMask = 2147483647;
			files = (
				EBB0A34F72E124FE4538D3E5 /* Pods_AzureAppCenter.framework in Frameworks */,
			);
			runOnlyForDeploymentPostprocessing = 0;
		};
/* End PBXFrameworksBuildPhase section */

/* Begin PBXGroup section */
		38F2B35425F2D454002CC8BB = {
			isa = PBXGroup;
			children = (
				38F2B35F25F2D454002CC8BB /* AzureAppCenter */,
				38F2B35E25F2D454002CC8BB /* Products */,
				F66551802FA72A3FCEF667E6 /* Pods */,
				D664DADB99CCE7C925366131 /* Frameworks */,
			);
			sourceTree = "<group>";
		};
		38F2B35E25F2D454002CC8BB /* Products */ = {
			isa = PBXGroup;
			children = (
				38F2B35D25F2D454002CC8BB /* AzureAppCenter.app */,
			);
			name = Products;
			sourceTree = "<group>";
		};
		38F2B35F25F2D454002CC8BB /* AzureAppCenter */ = {
			isa = PBXGroup;
			children = (
				38F2B36E25F2D455002CC8BB /* Info.plist */,
				38F2B37625F2D476002CC8BB /* Support */,
				38F2B37825F2D482002CC8BB /* ViewControllers */,
			);
			path = AzureAppCenter;
			sourceTree = "<group>";
		};
		38F2B37625F2D476002CC8BB /* Support */ = {
			isa = PBXGroup;
			children = (
				38F2B36025F2D454002CC8BB /* AppDelegate.swift */,
				38F2B36225F2D454002CC8BB /* SceneDelegate.swift */,
				38F2B36925F2D455002CC8BB /* Assets.xcassets */,
				38F2B36B25F2D455002CC8BB /* LaunchScreen.storyboard */,
			);
			path = Support;
			sourceTree = "<group>";
		};
		38F2B37825F2D482002CC8BB /* ViewControllers */ = {
			isa = PBXGroup;
			children = (
				38F2B36425F2D454002CC8BB /* ViewController.swift */,
			);
			path = ViewControllers;
			sourceTree = "<group>";
		};
		D664DADB99CCE7C925366131 /* Frameworks */ = {
			isa = PBXGroup;
			children = (
				B4CE9F3302E0A75B8F892B4E /* Pods_AzureAppCenter.framework */,
			);
			name = Frameworks;
			sourceTree = "<group>";
		};
		F66551802FA72A3FCEF667E6 /* Pods */ = {
			isa = PBXGroup;
			children = (
				07926B7B4EE5DDAB20409324 /* Pods-AzureAppCenter.debug.xcconfig */,
				BDED2ECD069B0E1704C2BA40 /* Pods-AzureAppCenter.release.xcconfig */,
			);
			name = Pods;
			path = Pods;
			sourceTree = "<group>";
		};
/* End PBXGroup section */

/* Begin PBXNativeTarget section */
		38F2B35C25F2D454002CC8BB /* AzureAppCenter */ = {
			isa = PBXNativeTarget;
			buildConfigurationList = 38F2B37125F2D455002CC8BB /* Build configuration list for PBXNativeTarget "AzureAppCenter" */;
			buildPhases = (
				BD317DD83DEC7E956C8A773F /* [CP] Check Pods Manifest.lock */,
				38F2B35925F2D454002CC8BB /* Sources */,
				38F2B35A25F2D454002CC8BB /* Frameworks */,
				38F2B35B25F2D454002CC8BB /* Resources */,
			);
			buildRules = (
			);
			dependencies = (
			);
			name = AzureAppCenter;
			productName = AzureAppCenter;
			productReference = 38F2B35D25F2D454002CC8BB /* AzureAppCenter.app */;
			productType = "com.apple.product-type.application";
		};
/* End PBXNativeTarget section */

/* Begin PBXProject section */
		38F2B35525F2D454002CC8BB /* Project object */ = {
			isa = PBXProject;
			attributes = {
				LastSwiftUpdateCheck = 1240;
				LastUpgradeCheck = 1240;
				TargetAttributes = {
					38F2B35C25F2D454002CC8BB = {
						CreatedOnToolsVersion = 12.4;
					};
				};
			};
			buildConfigurationList = 38F2B35825F2D454002CC8BB /* Build configuration list for PBXProject "AzureAppCenter" */;
			compatibilityVersion = "Xcode 9.3";
			developmentRegion = en;
			hasScannedForEncodings = 0;
			knownRegions = (
				en,
				Base,
			);
			mainGroup = 38F2B35425F2D454002CC8BB;
			productRefGroup = 38F2B35E25F2D454002CC8BB /* Products */;
			projectDirPath = "";
			projectRoot = "";
			targets = (
				38F2B35C25F2D454002CC8BB /* AzureAppCenter */,
			);
		};
/* End PBXProject section */

/* Begin PBXResourcesBuildPhase section */
		38F2B35B25F2D454002CC8BB /* Resources */ = {
			isa = PBXResourcesBuildPhase;
			buildActionMask = 2147483647;
			files = (
				38F2B36D25F2D455002CC8BB /* LaunchScreen.storyboard in Resources */,
				38F2B36A25F2D455002CC8BB /* Assets.xcassets in Resources */,
			);
			runOnlyForDeploymentPostprocessing = 0;
		};
/* End PBXResourcesBuildPhase section */

/* Begin PBXShellScriptBuildPhase section */
		BD317DD83DEC7E956C8A773F /* [CP] Check Pods Manifest.lock */ = {
			isa = PBXShellScriptBuildPhase;
			buildActionMask = 2147483647;
			files = (
			);
			inputFileListPaths = (
			);
			inputPaths = (
				"${PODS_PODFILE_DIR_PATH}/Podfile.lock",
				"${PODS_ROOT}/Manifest.lock",
			);
			name = "[CP] Check Pods Manifest.lock";
			outputFileListPaths = (
			);
			outputPaths = (
				"$(DERIVED_FILE_DIR)/Pods-AzureAppCenter-checkManifestLockResult.txt",
			);
			runOnlyForDeploymentPostprocessing = 0;
			shellPath = /bin/sh;
			shellScript = "diff \"${PODS_PODFILE_DIR_PATH}/Podfile.lock\" \"${PODS_ROOT}/Manifest.lock\" > /dev/null\nif [ $? != 0 ] ; then\n    # print error to STDERR\n    echo \"error: The sandbox is not in sync with the Podfile.lock. Run 'pod install' or update your CocoaPods installation.\" >&2\n    exit 1\nfi\n# This output is used by Xcode 'outputs' to avoid re-running this script phase.\necho \"SUCCESS\" > \"${SCRIPT_OUTPUT_FILE_0}\"\n";
			showEnvVarsInLog = 0;
		};
/* End PBXShellScriptBuildPhase section */

/* Begin PBXSourcesBuildPhase section */
		38F2B35925F2D454002CC8BB /* Sources */ = {
			isa = PBXSourcesBuildPhase;
			buildActionMask = 2147483647;
			files = (
				38F2B36525F2D454002CC8BB /* ViewController.swift in Sources */,
				38F2B36125F2D454002CC8BB /* AppDelegate.swift in Sources */,
				38F2B36325F2D454002CC8BB /* SceneDelegate.swift in Sources */,
			);
			runOnlyForDeploymentPostprocessing = 0;
		};
/* End PBXSourcesBuildPhase section */

/* Begin PBXVariantGroup section */
		38F2B36B25F2D455002CC8BB /* LaunchScreen.storyboard */ = {
			isa = PBXVariantGroup;
			children = (
				38F2B36C25F2D455002CC8BB /* Base */,
			);
			name = LaunchScreen.storyboard;
			sourceTree = "<group>";
		};
/* End PBXVariantGroup section */

/* Begin XCBuildConfiguration section */
		38F2B36F25F2D455002CC8BB /* Debug */ = {
			isa = XCBuildConfiguration;
			buildSettings = {
				ALWAYS_SEARCH_USER_PATHS = NO;
				CLANG_ANALYZER_NONNULL = YES;
				CLANG_ANALYZER_NUMBER_OBJECT_CONVERSION = YES_AGGRESSIVE;
				CLANG_CXX_LANGUAGE_STANDARD = "gnu++14";
				CLANG_CXX_LIBRARY = "libc++";
				CLANG_ENABLE_MODULES = YES;
				CLANG_ENABLE_OBJC_ARC = YES;
				CLANG_ENABLE_OBJC_WEAK = YES;
				CLANG_WARN_BLOCK_CAPTURE_AUTORELEASING = YES;
				CLANG_WARN_BOOL_CONVERSION = YES;
				CLANG_WARN_COMMA = YES;
				CLANG_WARN_CONSTANT_CONVERSION = YES;
				CLANG_WARN_DEPRECATED_OBJC_IMPLEMENTATIONS = YES;
				CLANG_WARN_DIRECT_OBJC_ISA_USAGE = YES_ERROR;
				CLANG_WARN_DOCUMENTATION_COMMENTS = YES;
				CLANG_WARN_EMPTY_BODY = YES;
				CLANG_WARN_ENUM_CONVERSION = YES;
				CLANG_WARN_INFINITE_RECURSION = YES;
				CLANG_WARN_INT_CONVERSION = YES;
				CLANG_WARN_NON_LITERAL_NULL_CONVERSION = YES;
				CLANG_WARN_OBJC_IMPLICIT_RETAIN_SELF = YES;
				CLANG_WARN_OBJC_LITERAL_CONVERSION = YES;
				CLANG_WARN_OBJC_ROOT_CLASS = YES_ERROR;
				CLANG_WARN_QUOTED_INCLUDE_IN_FRAMEWORK_HEADER = YES;
				CLANG_WARN_RANGE_LOOP_ANALYSIS = YES;
				CLANG_WARN_STRICT_PROTOTYPES = YES;
				CLANG_WARN_SUSPICIOUS_MOVE = YES;
				CLANG_WARN_UNGUARDED_AVAILABILITY = YES_AGGRESSIVE;
				CLANG_WARN_UNREACHABLE_CODE = YES;
				CLANG_WARN__DUPLICATE_METHOD_MATCH = YES;
				COPY_PHASE_STRIP = NO;
				DEBUG_INFORMATION_FORMAT = dwarf;
				ENABLE_STRICT_OBJC_MSGSEND = YES;
				ENABLE_TESTABILITY = YES;
				GCC_C_LANGUAGE_STANDARD = gnu11;
				GCC_DYNAMIC_NO_PIC = NO;
				GCC_NO_COMMON_BLOCKS = YES;
				GCC_OPTIMIZATION_LEVEL = 0;
				GCC_PREPROCESSOR_DEFINITIONS = (
					"DEBUG=1",
					"$(inherited)",
				);
				GCC_WARN_64_TO_32_BIT_CONVERSION = YES;
				GCC_WARN_ABOUT_RETURN_TYPE = YES_ERROR;
				GCC_WARN_UNDECLARED_SELECTOR = YES;
				GCC_WARN_UNINITIALIZED_AUTOS = YES_AGGRESSIVE;
				GCC_WARN_UNUSED_FUNCTION = YES;
				GCC_WARN_UNUSED_VARIABLE = YES;
				IPHONEOS_DEPLOYMENT_TARGET = 14.4;
				MTL_ENABLE_DEBUG_INFO = INCLUDE_SOURCE;
				MTL_FAST_MATH = YES;
				ONLY_ACTIVE_ARCH = YES;
				SDKROOT = iphoneos;
				SWIFT_ACTIVE_COMPILATION_CONDITIONS = DEBUG;
				SWIFT_OPTIMIZATION_LEVEL = "-Onone";
			};
			name = Debug;
		};
		38F2B37025F2D455002CC8BB /* Release */ = {
			isa = XCBuildConfiguration;
			buildSettings = {
				ALWAYS_SEARCH_USER_PATHS = NO;
				CLANG_ANALYZER_NONNULL = YES;
				CLANG_ANALYZER_NUMBER_OBJECT_CONVERSION = YES_AGGRESSIVE;
				CLANG_CXX_LANGUAGE_STANDARD = "gnu++14";
				CLANG_CXX_LIBRARY = "libc++";
				CLANG_ENABLE_MODULES = YES;
				CLANG_ENABLE_OBJC_ARC = YES;
				CLANG_ENABLE_OBJC_WEAK = YES;
				CLANG_WARN_BLOCK_CAPTURE_AUTORELEASING = YES;
				CLANG_WARN_BOOL_CONVERSION = YES;
				CLANG_WARN_COMMA = YES;
				CLANG_WARN_CONSTANT_CONVERSION = YES;
				CLANG_WARN_DEPRECATED_OBJC_IMPLEMENTATIONS = YES;
				CLANG_WARN_DIRECT_OBJC_ISA_USAGE = YES_ERROR;
				CLANG_WARN_DOCUMENTATION_COMMENTS = YES;
				CLANG_WARN_EMPTY_BODY = YES;
				CLANG_WARN_ENUM_CONVERSION = YES;
				CLANG_WARN_INFINITE_RECURSION = YES;
				CLANG_WARN_INT_CONVERSION = YES;
				CLANG_WARN_NON_LITERAL_NULL_CONVERSION = YES;
				CLANG_WARN_OBJC_IMPLICIT_RETAIN_SELF = YES;
				CLANG_WARN_OBJC_LITERAL_CONVERSION = YES;
				CLANG_WARN_OBJC_ROOT_CLASS = YES_ERROR;
				CLANG_WARN_QUOTED_INCLUDE_IN_FRAMEWORK_HEADER = YES;
				CLANG_WARN_RANGE_LOOP_ANALYSIS = YES;
				CLANG_WARN_STRICT_PROTOTYPES = YES;
				CLANG_WARN_SUSPICIOUS_MOVE = YES;
				CLANG_WARN_UNGUARDED_AVAILABILITY = YES_AGGRESSIVE;
				CLANG_WARN_UNREACHABLE_CODE = YES;
				CLANG_WARN__DUPLICATE_METHOD_MATCH = YES;
				COPY_PHASE_STRIP = NO;
				DEBUG_INFORMATION_FORMAT = "dwarf-with-dsym";
				ENABLE_NS_ASSERTIONS = NO;
				ENABLE_STRICT_OBJC_MSGSEND = YES;
				GCC_C_LANGUAGE_STANDARD = gnu11;
				GCC_NO_COMMON_BLOCKS = YES;
				GCC_WARN_64_TO_32_BIT_CONVERSION = YES;
				GCC_WARN_ABOUT_RETURN_TYPE = YES_ERROR;
				GCC_WARN_UNDECLARED_SELECTOR = YES;
				GCC_WARN_UNINITIALIZED_AUTOS = YES_AGGRESSIVE;
				GCC_WARN_UNUSED_FUNCTION = YES;
				GCC_WARN_UNUSED_VARIABLE = YES;
				IPHONEOS_DEPLOYMENT_TARGET = 14.4;
				MTL_ENABLE_DEBUG_INFO = NO;
				MTL_FAST_MATH = YES;
				SDKROOT = iphoneos;
				SWIFT_COMPILATION_MODE = wholemodule;
				SWIFT_OPTIMIZATION_LEVEL = "-O";
				VALIDATE_PRODUCT = YES;
			};
			name = Release;
		};
		38F2B37225F2D455002CC8BB /* Debug */ = {
			isa = XCBuildConfiguration;
			baseConfigurationReference = 07926B7B4EE5DDAB20409324 /* Pods-AzureAppCenter.debug.xcconfig */;
			buildSettings = {
				ASSETCATALOG_COMPILER_APPICON_NAME = AppIcon;
				ASSETCATALOG_COMPILER_GLOBAL_ACCENT_COLOR_NAME = AccentColor;
				CODE_SIGN_STYLE = Automatic;
				DEVELOPMENT_TEAM = H574TJ3JKS;
				INFOPLIST_FILE = AzureAppCenter/Info.plist;
				LD_RUNPATH_SEARCH_PATHS = (
					"$(inherited)",
					"@executable_path/Frameworks",
				);
				PRODUCT_BUNDLE_IDENTIFIER = com.adolpho.AzureAppCenter;
				PRODUCT_NAME = "$(TARGET_NAME)";
				SWIFT_VERSION = 5.0;
				TARGETED_DEVICE_FAMILY = 1;
			};
			name = Debug;
		};
		38F2B37325F2D455002CC8BB /* Release */ = {
			isa = XCBuildConfiguration;
			baseConfigurationReference = BDED2ECD069B0E1704C2BA40 /* Pods-AzureAppCenter.release.xcconfig */;
			buildSettings = {
				ASSETCATALOG_COMPILER_APPICON_NAME = AppIcon;
				ASSETCATALOG_COMPILER_GLOBAL_ACCENT_COLOR_NAME = AccentColor;
				CODE_SIGN_STYLE = Automatic;
				DEVELOPMENT_TEAM = H574TJ3JKS;
				INFOPLIST_FILE = AzureAppCenter/Info.plist;
				LD_RUNPATH_SEARCH_PATHS = (
					"$(inherited)",
					"@executable_path/Frameworks",
				);
				PRODUCT_BUNDLE_IDENTIFIER = com.adolpho.AzureAppCenter;
				PRODUCT_NAME = "$(TARGET_NAME)";
				SWIFT_VERSION = 5.0;
				TARGETED_DEVICE_FAMILY = 1;
			};
			name = Release;
		};
/* End XCBuildConfiguration section */

/* Begin XCConfigurationList section */
		38F2B35825F2D454002CC8BB /* Build configuration list for PBXProject "AzureAppCenter" */ = {
			isa = XCConfigurationList;
			buildConfigurations = (
				38F2B36F25F2D455002CC8BB /* Debug */,
				38F2B37025F2D455002CC8BB /* Release */,
			);
			defaultConfigurationIsVisible = 0;
			defaultConfigurationName = Release;
		};
		38F2B37125F2D455002CC8BB /* Build configuration list for PBXNativeTarget "AzureAppCenter" */ = {
			isa = XCConfigurationList;
			buildConfigurations = (
				38F2B37225F2D455002CC8BB /* Debug */,
				38F2B37325F2D455002CC8BB /* Release */,
			);
			defaultConfigurationIsVisible = 0;
			defaultConfigurationName = Release;
		};
/* End XCConfigurationList section */
	};
	rootObject = 38F2B35525F2D454002CC8BB /* Project object */;
}
